
Microsoft Visual Studio Solution File, Format Version 12.00
# Visual Studio Version 17
VisualStudioVersion = 17.2.32616.157
MinimumVisualStudioVersion = 10.0.40219.1
Project("{FAE04EC0-301F-11D3-BF4B-00C04F79EFBC}") = "GreenHouse_App", "GreenHouse_App\GreenHouse_App.csproj", "{CF7F5B30-BFD3-497B-995E-CF832B76BA69}"
EndProject
Global
	GlobalSection(SolutionConfigurationPlatforms) = preSolution
		Debug|Any CPU = Debug|Any CPU
		Release|Any CPU = Release|Any CPU
	EndGlobalSection
	GlobalSection(ProjectConfigurationPlatforms) = postSolution
		{CF7F5B30-BFD3-497B-995E-CF832B76BA69}.Debug|Any CPU.ActiveCfg = Debug|Any CPU
		{CF7F5B30-BFD3-497B-995E-CF832B76BA69}.Debug|Any CPU.Build.0 = Debug|Any CPU
		{CF7F5B30-BFD3-497B-995E-CF832B76BA69}.Release|Any CPU.ActiveCfg = Release|Any CPU
		{CF7F5B30-BFD3-497B-995E-CF832B76BA69}.Release|Any CPU.Build.0 = Release|Any CPU
	EndGlobalSection
	GlobalSection(SolutionProperties) = preSolution
		HideSolutionNode = FALSE
	EndGlobalSection
	GlobalSection(ExtensibilityGlobals) = postSolution
		SolutionGuid = {4A504A7D-B895-44D2-A869-B05BC0532E08}
	EndGlobalSection
EndGlobal
